{
  "name": "04_php_form",
  "lockfileVersion": 2,
  "requires": true,
  "packages": {
    "": {
      "dependencies": {
        "vue-sticky": "^3.3.4"
      }
    },
    "node_modules/vue-sticky": {
      "version": "3.3.4",
      "resolved": "https://registry.npmjs.org/vue-sticky/-/vue-sticky-3.3.4.tgz",
      "integrity": "sha512-7Hcvw7MjzyQo3/rb2R2LvuxiIymJv49Gg6pXslFDjTr7UZoFxFvp8QYG1WFfKuk8V8eZHRKi1QD5dxRMQkm2OQ=="
    }
  },
  "dependencies": {
    "vue-sticky": {
      "version": "3.3.4",
      "resolved": "https://registry.npmjs.org/vue-sticky/-/vue-sticky-3.3.4.tgz",
      "integrity": "sha512-7Hcvw7MjzyQo3/rb2R2LvuxiIymJv49Gg6pXslFDjTr7UZoFxFvp8QYG1WFfKuk8V8eZHRKi1QD5dxRMQkm2OQ=="
    }
  }
}
